
Microsoft Visual Studio Solution File, Format Version 12.00
# Visual Studio 2017
Project("{FAE04EC0-301F-11D3-BF4B-00C04F79EFBC}") = "ProjectOpenCV2D", "ProjectOpenCV2D.csproj", "{18F5313A-8848-B865-23A9-ECB2E54A5205}"
EndProject
Global
	GlobalSection(SolutionConfigurationPlatforms) = preSolution
		Debug|Any CPU = Debug|Any CPU
		Release|Any CPU = Release|Any CPU
	EndGlobalSection
	GlobalSection(ProjectConfigurationPlatforms) = postSolution
		{18F5313A-8848-B865-23A9-ECB2E54A5205}.Debug|Any CPU.ActiveCfg = Debug|Any CPU
		{18F5313A-8848-B865-23A9-ECB2E54A5205}.Debug|Any CPU.Build.0 = Debug|Any CPU
		{18F5313A-8848-B865-23A9-ECB2E54A5205}.Release|Any CPU.ActiveCfg = Release|Any CPU
		{18F5313A-8848-B865-23A9-ECB2E54A5205}.Release|Any CPU.Build.0 = Release|Any CPU
	EndGlobalSection
	GlobalSection(SolutionProperties) = preSolution
		HideSolutionNode = FALSE
	EndGlobalSection
EndGlobal
